github.com/schnerring/hugo-mod-json-resume v0.0.0-20231113034307-65ffefcbc5ff h1:9d8DOtQduQspIJEU/hyb/TNL6nz1SFg8uUWPoExEWf8=
github.com/schnerring/hugo-mod-json-resume v0.0.0-20231113034307-65ffefcbc5ff/go.mod h1:s6HEQq5n6D9UWK2ucmu+XLW6BH1nW6DvAXV4T4g8fPY=
github.com/schnerring/hugo-theme-gruvbox v0.0.0-20231107133328-95543490092f h1:0iRv/XdSslE0EVrG9LUPfJb5Ugq5IcvMsukbE/Gt9bI=
github.com/schnerring/hugo-theme-gruvbox v0.0.0-20231107133328-95543490092f/go.mod h1:ZEP0AB4v1k845Jmx9XmOY39CuR7Zud/owFh8wRGgeZg=
github.com/schnerring/hugo-theme-gruvbox v0.0.0-20231125162105-3e342e6663f1 h1:T1nherz7LXHTeGm8gthVytfKuIgNCHpzCPg495uw1iI=
github.com/schnerring/hugo-theme-gruvbox v0.0.0-20231125162105-3e342e6663f1/go.mod h1:ZEP0AB4v1k845Jmx9XmOY39CuR7Zud/owFh8wRGgeZg=
